
Microsoft Visual Studio Solution File, Format Version 12.00
# Visual Studio Version 17
VisualStudioVersion = 17.5.33516.290
MinimumVisualStudioVersion = 10.0.40219.1
Project("{FAE04EC0-301F-11D3-BF4B-00C04F79EFBC}") = "Lab 11", "Lab 11.csproj", "{550B3E34-CBE2-453F-A4DC-576B399208F7}"
EndProject
Global
	GlobalSection(SolutionConfigurationPlatforms) = preSolution
		Debug|Any CPU = Debug|Any CPU
		Release|Any CPU = Release|Any CPU
	EndGlobalSection
	GlobalSection(ProjectConfigurationPlatforms) = postSolution
		{550B3E34-CBE2-453F-A4DC-576B399208F7}.Debug|Any CPU.ActiveCfg = Debug|Any CPU
		{550B3E34-CBE2-453F-A4DC-576B399208F7}.Debug|Any CPU.Build.0 = Debug|Any CPU
		{550B3E34-CBE2-453F-A4DC-576B399208F7}.Release|Any CPU.ActiveCfg = Release|Any CPU
		{550B3E34-CBE2-453F-A4DC-576B399208F7}.Release|Any CPU.Build.0 = Release|Any CPU
	EndGlobalSection
	GlobalSection(SolutionProperties) = preSolution
		HideSolutionNode = FALSE
	EndGlobalSection
	GlobalSection(ExtensibilityGlobals) = postSolution
		SolutionGuid = {7B828F2B-58B1-46BC-926E-95C2CDA2873D}
	EndGlobalSection
EndGlobal
